{
  "name": "rocket.chat.realtime.api.abstraction",
  "version": "0.0.1",
  "lockfileVersion": 1,
  "dependencies": {
    "rxjs": {
      "version": "5.4.1",
      "resolved": "https://registry.npmjs.org/rxjs/-/rxjs-5.4.1.tgz",
      "integrity": "sha1-ti91fyeURdJloYpY+wpw3JDpFiY="
    },
    "symbol-observable": {
      "version": "1.0.4",
      "resolved": "https://registry.npmjs.org/symbol-observable/-/symbol-observable-1.0.4.tgz",
      "integrity": "sha1-Kb9hXUqnEhvdiYsi1LP5vE4qoD0="
    },
    "typescript": {
      "version": "2.3.4",
      "resolved": "https://registry.npmjs.org/typescript/-/typescript-2.3.4.tgz",
      "integrity": "sha1-PTgyGCgjHkNPKHUUlZw3qCtin0I=",
      "dev": true
    }
  }
}
