{
  "name": "rocket.chat.realtime.api.rxjs",
  "version": "0.0.1",
  "lockfileVersion": 1,
  "dependencies": {
    "@types/crypto-js": {
      "version": "3.1.33",
      "resolved": "https://registry.npmjs.org/@types/crypto-js/-/crypto-js-3.1.33.tgz",
      "integrity": "sha1-fmyRYDUz4M2fJ5qEBam543mIDF0=",
      "dev": true
    },
    "@types/node": {
      "version": "8.0.1",
      "resolved": "https://registry.npmjs.org/@types/node/-/node-8.0.1.tgz",
      "integrity": "sha512-bys2VRs6H7HP8S26aHgPWSiSX7q81TToe5HSSvl5bQjoSElQ2SwbGw2p6/DSDb7Vr0oKhewFao9ZuTn8DSag9Q==",
      "dev": true
    },
    "@types/uuid": {
      "version": "3.0.0",
      "resolved": "https://registry.npmjs.org/@types/uuid/-/uuid-3.0.0.tgz",
      "integrity": "sha512-CGaBAcUB4o+YTaUBZ2VfBc7PcIZXwHflZs4FDtr5Kk7MpAl0PVfH7W/VqoHH+OAG41d9YSCV8eWDfz/KKqVm+A==",
      "dev": true
    },
    "crypto-js": {
      "version": "3.1.9-1",
      "resolved": "https://registry.npmjs.org/crypto-js/-/crypto-js-3.1.9-1.tgz",
      "integrity": "sha1-/aGedh/Ad+Af+/3G6f38WeiAbNg="
    },
    "rxjs": {
      "version": "5.4.1",
      "resolved": "https://registry.npmjs.org/rxjs/-/rxjs-5.4.1.tgz",
      "integrity": "sha1-ti91fyeURdJloYpY+wpw3JDpFiY="
    },
    "symbol-observable": {
      "version": "1.0.4",
      "resolved": "https://registry.npmjs.org/symbol-observable/-/symbol-observable-1.0.4.tgz",
      "integrity": "sha1-Kb9hXUqnEhvdiYsi1LP5vE4qoD0="
    },
    "typescript": {
      "version": "2.3.4",
      "resolved": "https://registry.npmjs.org/typescript/-/typescript-2.3.4.tgz",
      "integrity": "sha1-PTgyGCgjHkNPKHUUlZw3qCtin0I=",
      "dev": true
    },
    "uuid": {
      "version": "3.1.0",
      "resolved": "https://registry.npmjs.org/uuid/-/uuid-3.1.0.tgz",
      "integrity": "sha512-DIWtzUkw04M4k3bf1IcpS2tngXEL26YUD2M0tMDUpnUrz2hgzUBlD55a4FjdLGPvfHxS6uluGWvaVEqgBcVa+g=="
    }
  }
}
